github.com/kodegara/gara v0.1.0-kr1 h1:MBNabgFIxTttWVB9QA4RgzPnYiPLzhAR9CbX546sYNk=
github.com/kodegara/gara v0.1.0-kr1/go.mod h1:Yys7aJ5EcNI5rfezIWIchDUOT7yuH5GtdrA5TGgjhJA=
github.com/kodegara/gara v0.1.0-kr2 h1:C+T4adWDmHFKlOKf3U+WUa7hNMKJjSi4wEcE4wPOPao=
github.com/kodegara/gara v0.1.0-kr2/go.mod h1:Yys7aJ5EcNI5rfezIWIchDUOT7yuH5GtdrA5TGgjhJA=
